// !$*UTF8*$!
{
	archiveVersion = 1;
	classes = {
	};
	objectVersion = 50;
	objects = {

/* Begin PBXBuildFile section */
		315DCF66251715C100A736DD /* AppDelegate.swift in Sources */ = {isa = PBXBuildFile; fileRef = 315DCF65251715C100A736DD /* AppDelegate.swift */; };
		315DCF68251715C100A736DD /* SceneDelegate.swift in Sources */ = {isa = PBXBuildFile; fileRef = 315DCF67251715C100A736DD /* SceneDelegate.swift */; };
		315DCF6A251715C100A736DD /* ViewController.swift in Sources */ = {isa = PBXBuildFile; fileRef = 315DCF69251715C100A736DD /* ViewController.swift */; };
		315DCF6D251715C100A736DD /* Main.storyboard in Resources */ = {isa = PBXBuildFile; fileRef = 315DCF6B251715C100A736DD /* Main.storyboard */; };
		315DCF6F251715C200A736DD /* Assets.xcassets in Resources */ = {isa = PBXBuildFile; fileRef = 315DCF6E251715C200A736DD /* Assets.xcassets */; };
		315DCF72251715C200A736DD /* LaunchScreen.storyboard in Resources */ = {isa = PBXBuildFile; fileRef = 315DCF70251715C200A736DD /* LaunchScreen.storyboard */; };
		315DCF7D251715C200A736DD /* PasswordHackerTests.swift in Sources */ = {isa = PBXBuildFile; fileRef = 315DCF7C251715C200A736DD /* PasswordHackerTests.swift */; };
		315DCF88251715C200A736DD /* PasswordHackerUITests.swift in Sources */ = {isa = PBXBuildFile; fileRef = 315DCF87251715C200A736DD /* PasswordHackerUITests.swift */; };
/* End PBXBuildFile section */

/* Begin PBXContainerItemProxy section */
		315DCF79251715C200A736DD /* PBXContainerItemProxy */ = {
			isa = PBXContainerItemProxy;
			containerPortal = 315DCF5A251715C100A736DD /* Project object */;
			proxyType = 1;
			remoteGlobalIDString = 315DCF61251715C100A736DD;
			remoteInfo = PasswordHacker;
		};
		315DCF84251715C200A736DD /* PBXContainerItemProxy */ = {
			isa = PBXContainerItemProxy;
			containerPortal = 315DCF5A251715C100A736DD /* Project object */;
			proxyType = 1;
			remoteGlobalIDString = 315DCF61251715C100A736DD;
			remoteInfo = PasswordHacker;
		};
/* End PBXContainerItemProxy section */

/* Begin PBXFileReference section */
		315DCF62251715C100A736DD /* PasswordHacker.app */ = {isa = PBXFileReference; explicitFileType = wrapper.application; includeInIndex = 0; path = PasswordHacker.app; sourceTree = BUILT_PRODUCTS_DIR; };
		315DCF65251715C100A736DD /* AppDelegate.swift */ = {isa = PBXFileReference; lastKnownFileType = sourcecode.swift; path = AppDelegate.swift; sourceTree = "<group>"; };
		315DCF67251715C100A736DD /* SceneDelegate.swift */ = {isa = PBXFileReference; lastKnownFileType = sourcecode.swift; path = SceneDelegate.swift; sourceTree = "<group>"; };
		315DCF69251715C100A736DD /* ViewController.swift */ = {isa = PBXFileReference; lastKnownFileType = sourcecode.swift; path = ViewController.swift; sourceTree = "<group>"; };
		315DCF6C251715C100A736DD /* Base */ = {isa = PBXFileReference; lastKnownFileType = file.storyboard; name = Base; path = Base.lproj/Main.storyboard; sourceTree = "<group>"; };
		315DCF6E251715C200A736DD /* Assets.xcassets */ = {isa = PBXFileReference; lastKnownFileType = folder.assetcatalog; path = Assets.xcassets; sourceTree = "<group>"; };
		315DCF71251715C200A736DD /* Base */ = {isa = PBXFileReference; lastKnownFileType = file.storyboard; name = Base; path = Base.lproj/LaunchScreen.storyboard; sourceTree = "<group>"; };
		315DCF73251715C200A736DD /* Info.plist */ = {isa = PBXFileReference; lastKnownFileType = text.plist.xml; path = Info.plist; sourceTree = "<group>"; };
		315DCF78251715C200A736DD /* PasswordHackerTests.xctest */ = {isa = PBXFileReference; explicitFileType = wrapper.cfbundle; includeInIndex = 0; path = PasswordHackerTests.xctest; sourceTree = BUILT_PRODUCTS_DIR; };
		315DCF7C251715C200A736DD /* PasswordHackerTests.swift */ = {isa = PBXFileReference; lastKnownFileType = sourcecode.swift; path = PasswordHackerTests.swift; sourceTree = "<group>"; };
		315DCF7E251715C200A736DD /* Info.plist */ = {isa = PBXFileReference; lastKnownFileType = text.plist.xml; path = Info.plist; sourceTree = "<group>"; };
		315DCF83251715C200A736DD /* PasswordHackerUITests.xctest */ = {isa = PBXFileReference; explicitFileType = wrapper.cfbundle; includeInIndex = 0; path = PasswordHackerUITests.xctest; sourceTree = BUILT_PRODUCTS_DIR; };
		315DCF87251715C200A736DD /* PasswordHackerUITests.swift */ = {isa = PBXFileReference; lastKnownFileType = sourcecode.swift; path = PasswordHackerUITests.swift; sourceTree = "<group>"; };
		315DCF89251715C200A736DD /* Info.plist */ = {isa = PBXFileReference; lastKnownFileType = text.plist.xml; path = Info.plist; sourceTree = "<group>"; };
/* End PBXFileReference section */

/* Begin PBXFrameworksBuildPhase section */
		315DCF5F251715C100A736DD /* Frameworks */ = {
			isa = PBXFrameworksBuildPhase;
			buildActionMask = 2147483647;
			files = (
			);
			runOnlyForDeploymentPostprocessing = 0;
		};
		315DCF75251715C200A736DD /* Frameworks */ = {
			isa = PBXFrameworksBuildPhase;
			buildActionMask = 2147483647;
			files = (
			);
			runOnlyForDeploymentPostprocessing = 0;
		};
		315DCF80251715C200A736DD /* Frameworks */ = {
			isa = PBXFrameworksBuildPhase;
			buildActionMask = 2147483647;
			files = (
			);
			runOnlyForDeploymentPostprocessing = 0;
		};
/* End PBXFrameworksBuildPhase section */

/* Begin PBXGroup section */
		315DCF59251715C100A736DD = {
			isa = PBXGroup;
			children = (
				315DCF64251715C100A736DD /* PasswordHacker */,
				315DCF7B251715C200A736DD /* PasswordHackerTests */,
				315DCF86251715C200A736DD /* PasswordHackerUITests */,
				315DCF63251715C100A736DD /* Products */,
			);
			sourceTree = "<group>";
		};
		315DCF63251715C100A736DD /* Products */ = {
			isa = PBXGroup;
			children = (
				315DCF62251715C100A736DD /* PasswordHacker.app */,
				315DCF78251715C200A736DD /* PasswordHackerTests.xctest */,
				315DCF83251715C200A736DD /* PasswordHackerUITests.xctest */,
			);
			name = Products;
			sourceTree = "<group>";
		};
		315DCF64251715C100A736DD /* PasswordHacker */ = {
			isa = PBXGroup;
			children = (
				315DCF65251715C100A736DD /* AppDelegate.swift */,
				315DCF67251715C100A736DD /* SceneDelegate.swift */,
				315DCF69251715C100A736DD /* ViewController.swift */,
				315DCF6B251715C100A736DD /* Main.storyboard */,
				315DCF6E251715C200A736DD /* Assets.xcassets */,
				315DCF70251715C200A736DD /* LaunchScreen.storyboard */,
				315DCF73251715C200A736DD /* Info.plist */,
			);
			path = PasswordHacker;
			sourceTree = "<group>";
		};
		315DCF7B251715C200A736DD /* PasswordHackerTests */ = {
			isa = PBXGroup;
			children = (
				315DCF7C251715C200A736DD /* PasswordHackerTests.swift */,
				315DCF7E251715C200A736DD /* Info.plist */,
			);
			path = PasswordHackerTests;
			sourceTree = "<group>";
		};
		315DCF86251715C200A736DD /* PasswordHackerUITests */ = {
			isa = PBXGroup;
			children = (
				315DCF87251715C200A736DD /* PasswordHackerUITests.swift */,
				315DCF89251715C200A736DD /* Info.plist */,
			);
			path = PasswordHackerUITests;
			sourceTree = "<group>";
		};
/* End PBXGroup section */

/* Begin PBXNativeTarget section */
		315DCF61251715C100A736DD /* PasswordHacker */ = {
			isa = PBXNativeTarget;
			buildConfigurationList = 315DCF8C251715C200A736DD /* Build configuration list for PBXNativeTarget "PasswordHacker" */;
			buildPhases = (
				315DCF5E251715C100A736DD /* Sources */,
				315DCF5F251715C100A736DD /* Frameworks */,
				315DCF60251715C100A736DD /* Resources */,
			);
			buildRules = (
			);
			dependencies = (
			);
			name = PasswordHacker;
			productName = PasswordHacker;
			productReference = 315DCF62251715C100A736DD /* PasswordHacker.app */;
			productType = "com.apple.product-type.application";
		};
		315DCF77251715C200A736DD /* PasswordHackerTests */ = {
			isa = PBXNativeTarget;
			buildConfigurationList = 315DCF8F251715C200A736DD /* Build configuration list for PBXNativeTarget "PasswordHackerTests" */;
			buildPhases = (
				315DCF74251715C200A736DD /* Sources */,
				315DCF75251715C200A736DD /* Frameworks */,
				315DCF76251715C200A736DD /* Resources */,
			);
			buildRules = (
			);
			dependencies = (
				315DCF7A251715C200A736DD /* PBXTargetDependency */,
			);
			name = PasswordHackerTests;
			productName = PasswordHackerTests;
			productReference = 315DCF78251715C200A736DD /* PasswordHackerTests.xctest */;
			productType = "com.apple.product-type.bundle.unit-test";
		};
		315DCF82251715C200A736DD /* PasswordHackerUITests */ = {
			isa = PBXNativeTarget;
			buildConfigurationList = 315DCF92251715C200A736DD /* Build configuration list for PBXNativeTarget "PasswordHackerUITests" */;
			buildPhases = (
				315DCF7F251715C200A736DD /* Sources */,
				315DCF80251715C200A736DD /* Frameworks */,
				315DCF81251715C200A736DD /* Resources */,
			);
			buildRules = (
			);
			dependencies = (
				315DCF85251715C200A736DD /* PBXTargetDependency */,
			);
			name = PasswordHackerUITests;
			productName = PasswordHackerUITests;
			productReference = 315DCF83251715C200A736DD /* PasswordHackerUITests.xctest */;
			productType = "com.apple.product-type.bundle.ui-testing";
		};
/* End PBXNativeTarget section */

/* Begin PBXProject section */
		315DCF5A251715C100A736DD /* Project object */ = {
			isa = PBXProject;
			attributes = {
				LastSwiftUpdateCheck = 1200;
				LastUpgradeCheck = 1200;
				TargetAttributes = {
					315DCF61251715C100A736DD = {
						CreatedOnToolsVersion = 12.0;
					};
					315DCF77251715C200A736DD = {
						CreatedOnToolsVersion = 12.0;
						TestTargetID = 315DCF61251715C100A736DD;
					};
					315DCF82251715C200A736DD = {
						CreatedOnToolsVersion = 12.0;
						TestTargetID = 315DCF61251715C100A736DD;
					};
				};
			};
			buildConfigurationList = 315DCF5D251715C100A736DD /* Build configuration list for PBXProject "PasswordHacker" */;
			compatibilityVersion = "Xcode 9.3";
			developmentRegion = en;
			hasScannedForEncodings = 0;
			knownRegions = (
				en,
				Base,
			);
			mainGroup = 315DCF59251715C100A736DD;
			productRefGroup = 315DCF63251715C100A736DD /* Products */;
			projectDirPath = "";
			projectRoot = "";
			targets = (
				315DCF61251715C100A736DD /* PasswordHacker */,
				315DCF77251715C200A736DD /* PasswordHackerTests */,
				315DCF82251715C200A736DD /* PasswordHackerUITests */,
			);
		};
/* End PBXProject section */

/* Begin PBXResourcesBuildPhase section */
		315DCF60251715C100A736DD /* Resources */ = {
			isa = PBXResourcesBuildPhase;
			buildActionMask = 2147483647;
			files = (
				315DCF72251715C200A736DD /* LaunchScreen.storyboard in Resources */,
				315DCF6F251715C200A736DD /* Assets.xcassets in Resources */,
				315DCF6D251715C100A736DD /* Main.storyboard in Resources */,
			);
			runOnlyForDeploymentPostprocessing = 0;
		};
		315DCF76251715C200A736DD /* Resources */ = {
			isa = PBXResourcesBuildPhase;
			buildActionMask = 2147483647;
			files = (
			);
			runOnlyForDeploymentPostprocessing = 0;
		};
		315DCF81251715C200A736DD /* Resources */ = {
			isa = PBXResourcesBuildPhase;
			buildActionMask = 2147483647;
			files = (
			);
			runOnlyForDeploymentPostprocessing = 0;
		};
/* End PBXResourcesBuildPhase section */

/* Begin PBXSourcesBuildPhase section */
		315DCF5E251715C100A736DD /* Sources */ = {
			isa = PBXSourcesBuildPhase;
			buildActionMask = 2147483647;
			files = (
				315DCF6A251715C100A736DD /* ViewController.swift in Sources */,
				315DCF66251715C100A736DD /* AppDelegate.swift in Sources */,
				315DCF68251715C100A736DD /* SceneDelegate.swift in Sources */,
			);
			runOnlyForDeploymentPostprocessing = 0;
		};
		315DCF74251715C200A736DD /* Sources */ = {
			isa = PBXSourcesBuildPhase;
			buildActionMask = 2147483647;
			files = (
				315DCF7D251715C200A736DD /* PasswordHackerTests.swift in Sources */,
			);
			runOnlyForDeploymentPostprocessing = 0;
		};
		315DCF7F251715C200A736DD /* Sources */ = {
			isa = PBXSourcesBuildPhase;
			buildActionMask = 2147483647;
			files = (
				315DCF88251715C200A736DD /* PasswordHackerUITests.swift in Sources */,
			);
			runOnlyForDeploymentPostprocessing = 0;
		};
/* End PBXSourcesBuildPhase section */

/* Begin PBXTargetDependency section */
		315DCF7A251715C200A736DD /* PBXTargetDependency */ = {
			isa = PBXTargetDependency;
			target = 315DCF61251715C100A736DD /* PasswordHacker */;
			targetProxy = 315DCF79251715C200A736DD /* PBXContainerItemProxy */;
		};
		315DCF85251715C200A736DD /* PBXTargetDependency */ = {
			isa = PBXTargetDependency;
			target = 315DCF61251715C100A736DD /* PasswordHacker */;
			targetProxy = 315DCF84251715C200A736DD /* PBXContainerItemProxy */;
		};
/* End PBXTargetDependency section */

/* Begin PBXVariantGroup section */
		315DCF6B251715C100A736DD /* Main.storyboard */ = {
			isa = PBXVariantGroup;
			children = (
				315DCF6C251715C100A736DD /* Base */,
			);
			name = Main.storyboard;
			sourceTree = "<group>";
		};
		315DCF70251715C200A736DD /* LaunchScreen.storyboard */ = {
			isa = PBXVariantGroup;
			children = (
				315DCF71251715C200A736DD /* Base */,
			);
			name = LaunchScreen.storyboard;
			sourceTree = "<group>";
		};
/* End PBXVariantGroup section */

/* Begin XCBuildConfiguration section */
		315DCF8A251715C200A736DD /* Debug */ = {
			isa = XCBuildConfiguration;
			buildSettings = {
				ALWAYS_SEARCH_USER_PATHS = NO;
				CLANG_ANALYZER_NONNULL = YES;
				CLANG_ANALYZER_NUMBER_OBJECT_CONVERSION = YES_AGGRESSIVE;
				CLANG_CXX_LANGUAGE_STANDARD = "gnu++14";
				CLANG_CXX_LIBRARY = "libc++";
				CLANG_ENABLE_MODULES = YES;
				CLANG_ENABLE_OBJC_ARC = YES;
				CLANG_ENABLE_OBJC_WEAK = YES;
				CLANG_WARN_BLOCK_CAPTURE_AUTORELEASING = YES;
				CLANG_WARN_BOOL_CONVERSION = YES;
				CLANG_WARN_COMMA = YES;
				CLANG_WARN_CONSTANT_CONVERSION = YES;
				CLANG_WARN_DEPRECATED_OBJC_IMPLEMENTATIONS = YES;
				CLANG_WARN_DIRECT_OBJC_ISA_USAGE = YES_ERROR;
				CLANG_WARN_DOCUMENTATION_COMMENTS = YES;
				CLANG_WARN_EMPTY_BODY = YES;
				CLANG_WARN_ENUM_CONVERSION = YES;
				CLANG_WARN_INFINITE_RECURSION = YES;
				CLANG_WARN_INT_CONVERSION = YES;
				CLANG_WARN_NON_LITERAL_NULL_CONVERSION = YES;
				CLANG_WARN_OBJC_IMPLICIT_RETAIN_SELF = YES;
				CLANG_WARN_OBJC_LITERAL_CONVERSION = YES;
				CLANG_WARN_OBJC_ROOT_CLASS = YES_ERROR;
				CLANG_WARN_QUOTED_INCLUDE_IN_FRAMEWORK_HEADER = YES;
				CLANG_WARN_RANGE_LOOP_ANALYSIS = YES;
				CLANG_WARN_STRICT_PROTOTYPES = YES;
				CLANG_WARN_SUSPICIOUS_MOVE = YES;
				CLANG_WARN_UNGUARDED_AVAILABILITY = YES_AGGRESSIVE;
				CLANG_WARN_UNREACHABLE_CODE = YES;
				CLANG_WARN__DUPLICATE_METHOD_MATCH = YES;
				COPY_PHASE_STRIP = NO;
				DEBUG_INFORMATION_FORMAT = dwarf;
				ENABLE_STRICT_OBJC_MSGSEND = YES;
				ENABLE_TESTABILITY = YES;
				GCC_C_LANGUAGE_STANDARD = gnu11;
				GCC_DYNAMIC_NO_PIC = NO;
				GCC_NO_COMMON_BLOCKS = YES;
				GCC_OPTIMIZATION_LEVEL = 0;
				GCC_PREPROCESSOR_DEFINITIONS = (
					"DEBUG=1",
					"$(inherited)",
				);
				GCC_WARN_64_TO_32_BIT_CONVERSION = YES;
				GCC_WARN_ABOUT_RETURN_TYPE = YES_ERROR;
				GCC_WARN_UNDECLARED_SELECTOR = YES;
				GCC_WARN_UNINITIALIZED_AUTOS = YES_AGGRESSIVE;
				GCC_WARN_UNUSED_FUNCTION = YES;
				GCC_WARN_UNUSED_VARIABLE = YES;
				IPHONEOS_DEPLOYMENT_TARGET = 14.0;
				MTL_ENABLE_DEBUG_INFO = INCLUDE_SOURCE;
				MTL_FAST_MATH = YES;
				ONLY_ACTIVE_ARCH = YES;
				SDKROOT = iphoneos;
				SWIFT_ACTIVE_COMPILATION_CONDITIONS = DEBUG;
				SWIFT_OPTIMIZATION_LEVEL = "-Onone";
			};
			name = Debug;
		};
		315DCF8B251715C200A736DD /* Release */ = {
			isa = XCBuildConfiguration;
			buildSettings = {
				ALWAYS_SEARCH_USER_PATHS = NO;
				CLANG_ANALYZER_NONNULL = YES;
				CLANG_ANALYZER_NUMBER_OBJECT_CONVERSION = YES_AGGRESSIVE;
				CLANG_CXX_LANGUAGE_STANDARD = "gnu++14";
				CLANG_CXX_LIBRARY = "libc++";
				CLANG_ENABLE_MODULES = YES;
				CLANG_ENABLE_OBJC_ARC = YES;
				CLANG_ENABLE_OBJC_WEAK = YES;
				CLANG_WARN_BLOCK_CAPTURE_AUTORELEASING = YES;
				CLANG_WARN_BOOL_CONVERSION = YES;
				CLANG_WARN_COMMA = YES;
				CLANG_WARN_CONSTANT_CONVERSION = YES;
				CLANG_WARN_DEPRECATED_OBJC_IMPLEMENTATIONS = YES;
				CLANG_WARN_DIRECT_OBJC_ISA_USAGE = YES_ERROR;
				CLANG_WARN_DOCUMENTATION_COMMENTS = YES;
				CLANG_WARN_EMPTY_BODY = YES;
				CLANG_WARN_ENUM_CONVERSION = YES;
				CLANG_WARN_INFINITE_RECURSION = YES;
				CLANG_WARN_INT_CONVERSION = YES;
				CLANG_WARN_NON_LITERAL_NULL_CONVERSION = YES;
				CLANG_WARN_OBJC_IMPLICIT_RETAIN_SELF = YES;
				CLANG_WARN_OBJC_LITERAL_CONVERSION = YES;
				CLANG_WARN_OBJC_ROOT_CLASS = YES_ERROR;
				CLANG_WARN_QUOTED_INCLUDE_IN_FRAMEWORK_HEADER = YES;
				CLANG_WARN_RANGE_LOOP_ANALYSIS = YES;
				CLANG_WARN_STRICT_PROTOTYPES = YES;
				CLANG_WARN_SUSPICIOUS_MOVE = YES;
				CLANG_WARN_UNGUARDED_AVAILABILITY = YES_AGGRESSIVE;
				CLANG_WARN_UNREACHABLE_CODE = YES;
				CLANG_WARN__DUPLICATE_METHOD_MATCH = YES;
				COPY_PHASE_STRIP = NO;
				DEBUG_INFORMATION_FORMAT = "dwarf-with-dsym";
				ENABLE_NS_ASSERTIONS = NO;
				ENABLE_STRICT_OBJC_MSGSEND = YES;
				GCC_C_LANGUAGE_STANDARD = gnu11;
				GCC_NO_COMMON_BLOCKS = YES;
				GCC_WARN_64_TO_32_BIT_CONVERSION = YES;
				GCC_WARN_ABOUT_RETURN_TYPE = YES_ERROR;
				GCC_WARN_UNDECLARED_SELECTOR = YES;
				GCC_WARN_UNINITIALIZED_AUTOS = YES_AGGRESSIVE;
				GCC_WARN_UNUSED_FUNCTION = YES;
				GCC_WARN_UNUSED_VARIABLE = YES;
				IPHONEOS_DEPLOYMENT_TARGET = 14.0;
				MTL_ENABLE_DEBUG_INFO = NO;
				MTL_FAST_MATH = YES;
				SDKROOT = iphoneos;
				SWIFT_COMPILATION_MODE = wholemodule;
				SWIFT_OPTIMIZATION_LEVEL = "-O";
				VALIDATE_PRODUCT = YES;
			};
			name = Release;
		};
		315DCF8D251715C200A736DD /* Debug */ = {
			isa = XCBuildConfiguration;
			buildSettings = {
				ASSETCATALOG_COMPILER_APPICON_NAME = AppIcon;
				ASSETCATALOG_COMPILER_GLOBAL_ACCENT_COLOR_NAME = AccentColor;
				CODE_SIGN_STYLE = Automatic;
				INFOPLIST_FILE = PasswordHacker/Info.plist;
				LD_RUNPATH_SEARCH_PATHS = (
					"$(inherited)",
					"@executable_path/Frameworks",
				);
				PRODUCT_BUNDLE_IDENTIFIER = com.litech.PasswordHacker;
				PRODUCT_NAME = "$(TARGET_NAME)";
				SWIFT_VERSION = 5.0;
				TARGETED_DEVICE_FAMILY = "1,2";
			};
			name = Debug;
		};
		315DCF8E251715C200A736DD /* Release */ = {
			isa = XCBuildConfiguration;
			buildSettings = {
				ASSETCATALOG_COMPILER_APPICON_NAME = AppIcon;
				ASSETCATALOG_COMPILER_GLOBAL_ACCENT_COLOR_NAME = AccentColor;
				CODE_SIGN_STYLE = Automatic;
				INFOPLIST_FILE = PasswordHacker/Info.plist;
				LD_RUNPATH_SEARCH_PATHS = (
					"$(inherited)",
					"@executable_path/Frameworks",
				);
				PRODUCT_BUNDLE_IDENTIFIER = com.litech.PasswordHacker;
				PRODUCT_NAME = "$(TARGET_NAME)";
				SWIFT_VERSION = 5.0;
				TARGETED_DEVICE_FAMILY = "1,2";
			};
			name = Release;
		};
		315DCF90251715C200A736DD /* Debug */ = {
			isa = XCBuildConfiguration;
			buildSettings = {
				ALWAYS_EMBED_SWIFT_STANDARD_LIBRARIES = YES;
				BUNDLE_LOADER = "$(TEST_HOST)";
				CODE_SIGN_STYLE = Automatic;
				INFOPLIST_FILE = PasswordHackerTests/Info.plist;
				IPHONEOS_DEPLOYMENT_TARGET = 14.0;
				LD_RUNPATH_SEARCH_PATHS = (
					"$(inherited)",
					"@executable_path/Frameworks",
					"@loader_path/Frameworks",
				);
				PRODUCT_BUNDLE_IDENTIFIER = com.litech.PasswordHackerTests;
				PRODUCT_NAME = "$(TARGET_NAME)";
				SWIFT_VERSION = 5.0;
				TARGETED_DEVICE_FAMILY = "1,2";
				TEST_HOST = "$(BUILT_PRODUCTS_DIR)/PasswordHacker.app/PasswordHacker";
			};
			name = Debug;
		};
		315DCF91251715C200A736DD /* Release */ = {
			isa = XCBuildConfiguration;
			buildSettings = {
				ALWAYS_EMBED_SWIFT_STANDARD_LIBRARIES = YES;
				BUNDLE_LOADER = "$(TEST_HOST)";
				CODE_SIGN_STYLE = Automatic;
				INFOPLIST_FILE = PasswordHackerTests/Info.plist;
				IPHONEOS_DEPLOYMENT_TARGET = 14.0;
				LD_RUNPATH_SEARCH_PATHS = (
					"$(inherited)",
					"@executable_path/Frameworks",
					"@loader_path/Frameworks",
				);
				PRODUCT_BUNDLE_IDENTIFIER = com.litech.PasswordHackerTests;
				PRODUCT_NAME = "$(TARGET_NAME)";
				SWIFT_VERSION = 5.0;
				TARGETED_DEVICE_FAMILY = "1,2";
				TEST_HOST = "$(BUILT_PRODUCTS_DIR)/PasswordHacker.app/PasswordHacker";
			};
			name = Release;
		};
		315DCF93251715C200A736DD /* Debug */ = {
			isa = XCBuildConfiguration;
			buildSettings = {
				ALWAYS_EMBED_SWIFT_STANDARD_LIBRARIES = YES;
				CODE_SIGN_STYLE = Automatic;
				INFOPLIST_FILE = PasswordHackerUITests/Info.plist;
				LD_RUNPATH_SEARCH_PATHS = (
					"$(inherited)",
					"@executable_path/Frameworks",
					"@loader_path/Frameworks",
				);
				PRODUCT_BUNDLE_IDENTIFIER = com.litech.PasswordHackerUITests;
				PRODUCT_NAME = "$(TARGET_NAME)";
				SWIFT_VERSION = 5.0;
				TARGETED_DEVICE_FAMILY = "1,2";
				TEST_TARGET_NAME = PasswordHacker;
			};
			name = Debug;
		};
		315DCF94251715C200A736DD /* Release */ = {
			isa = XCBuildConfiguration;
			buildSettings = {
				ALWAYS_EMBED_SWIFT_STANDARD_LIBRARIES = YES;
				CODE_SIGN_STYLE = Automatic;
				INFOPLIST_FILE = PasswordHackerUITests/Info.plist;
				LD_RUNPATH_SEARCH_PATHS = (
					"$(inherited)",
					"@executable_path/Frameworks",
					"@loader_path/Frameworks",
				);
				PRODUCT_BUNDLE_IDENTIFIER = com.litech.PasswordHackerUITests;
				PRODUCT_NAME = "$(TARGET_NAME)";
				SWIFT_VERSION = 5.0;
				TARGETED_DEVICE_FAMILY = "1,2";
				TEST_TARGET_NAME = PasswordHacker;
			};
			name = Release;
		};
/* End XCBuildConfiguration section */

/* Begin XCConfigurationList section */
		315DCF5D251715C100A736DD /* Build configuration list for PBXProject "PasswordHacker" */ = {
			isa = XCConfigurationList;
			buildConfigurations = (
				315DCF8A251715C200A736DD /* Debug */,
				315DCF8B251715C200A736DD /* Release */,
			);
			defaultConfigurationIsVisible = 0;
			defaultConfigurationName = Release;
		};
		315DCF8C251715C200A736DD /* Build configuration list for PBXNativeTarget "PasswordHacker" */ = {
			isa = XCConfigurationList;
			buildConfigurations = (
				315DCF8D251715C200A736DD /* Debug */,
				315DCF8E251715C200A736DD /* Release */,
			);
			defaultConfigurationIsVisible = 0;
			defaultConfigurationName = Release;
		};
		315DCF8F251715C200A736DD /* Build configuration list for PBXNativeTarget "PasswordHackerTests" */ = {
			isa = XCConfigurationList;
			buildConfigurations = (
				315DCF90251715C200A736DD /* Debug */,
				315DCF91251715C200A736DD /* Release */,
			);
			defaultConfigurationIsVisible = 0;
			defaultConfigurationName = Release;
		};
		315DCF92251715C200A736DD /* Build configuration list for PBXNativeTarget "PasswordHackerUITests" */ = {
			isa = XCConfigurationList;
			buildConfigurations = (
				315DCF93251715C200A736DD /* Debug */,
				315DCF94251715C200A736DD /* Release */,
			);
			defaultConfigurationIsVisible = 0;
			defaultConfigurationName = Release;
		};
/* End XCConfigurationList section */
	};
	rootObject = 315DCF5A251715C100A736DD /* Project object */;
}
